
Microsoft Visual Studio Solution File, Format Version 12.00
# Visual Studio Version 16
VisualStudioVersion = 16.0.31727.386
MinimumVisualStudioVersion = 10.0.40219.1
Project("{FAE04EC0-301F-11D3-BF4B-00C04F79EFBC}") = "1. Sort Even Numbers", "1. Sort Even Numbers\1. Sort Even Numbers.csproj", "{DE67C3A3-0AB1-48A5-B91F-671CDBE6AC05}"
EndProject
Global
	GlobalSection(SolutionConfigurationPlatforms) = preSolution
		Debug|Any CPU = Debug|Any CPU
		Release|Any CPU = Release|Any CPU
	EndGlobalSection
	GlobalSection(ProjectConfigurationPlatforms) = postSolution
		{DE67C3A3-0AB1-48A5-B91F-671CDBE6AC05}.Debug|Any CPU.ActiveCfg = Debug|Any CPU
		{DE67C3A3-0AB1-48A5-B91F-671CDBE6AC05}.Debug|Any CPU.Build.0 = Debug|Any CPU
		{DE67C3A3-0AB1-48A5-B91F-671CDBE6AC05}.Release|Any CPU.ActiveCfg = Release|Any CPU
		{DE67C3A3-0AB1-48A5-B91F-671CDBE6AC05}.Release|Any CPU.Build.0 = Release|Any CPU
	EndGlobalSection
	GlobalSection(SolutionProperties) = preSolution
		HideSolutionNode = FALSE
	EndGlobalSection
	GlobalSection(ExtensibilityGlobals) = postSolution
		SolutionGuid = {D5A26072-7CA9-4DBE-ABE8-BB48A91EF14A}
	EndGlobalSection
EndGlobal
