
Microsoft Visual Studio Solution File, Format Version 12.00
# Visual Studio Version 16
VisualStudioVersion = 16.0.31727.386
MinimumVisualStudioVersion = 10.0.40219.1
Project("{FAE04EC0-301F-11D3-BF4B-00C04F79EFBC}") = "ClassBoxData", "ClassBoxData\ClassBoxData.csproj", "{D78E13EC-59CE-43E3-9FC5-F65CCC108500}"
EndProject
Global
	GlobalSection(SolutionConfigurationPlatforms) = preSolution
		Debug|Any CPU = Debug|Any CPU
		Release|Any CPU = Release|Any CPU
	EndGlobalSection
	GlobalSection(ProjectConfigurationPlatforms) = postSolution
		{D78E13EC-59CE-43E3-9FC5-F65CCC108500}.Debug|Any CPU.ActiveCfg = Debug|Any CPU
		{D78E13EC-59CE-43E3-9FC5-F65CCC108500}.Debug|Any CPU.Build.0 = Debug|Any CPU
		{D78E13EC-59CE-43E3-9FC5-F65CCC108500}.Release|Any CPU.ActiveCfg = Release|Any CPU
		{D78E13EC-59CE-43E3-9FC5-F65CCC108500}.Release|Any CPU.Build.0 = Release|Any CPU
	EndGlobalSection
	GlobalSection(SolutionProperties) = preSolution
		HideSolutionNode = FALSE
	EndGlobalSection
	GlobalSection(ExtensibilityGlobals) = postSolution
		SolutionGuid = {3C2D4B15-106F-4520-989A-E6DFDD528DE8}
	EndGlobalSection
EndGlobal
