
Microsoft Visual Studio Solution File, Format Version 12.00
# Visual Studio Version 16
VisualStudioVersion = 16.0.31424.327
MinimumVisualStudioVersion = 10.0.40219.1
Project("{FAE04EC0-301F-11D3-BF4B-00C04F79EFBC}") = "5. Record Unique Names", "5. Record Unique Names\5. Record Unique Names.csproj", "{EF5135B0-CDD5-4458-BD4A-00731CAC56F5}"
EndProject
Global
	GlobalSection(SolutionConfigurationPlatforms) = preSolution
		Debug|Any CPU = Debug|Any CPU
		Release|Any CPU = Release|Any CPU
	EndGlobalSection
	GlobalSection(ProjectConfigurationPlatforms) = postSolution
		{EF5135B0-CDD5-4458-BD4A-00731CAC56F5}.Debug|Any CPU.ActiveCfg = Debug|Any CPU
		{EF5135B0-CDD5-4458-BD4A-00731CAC56F5}.Debug|Any CPU.Build.0 = Debug|Any CPU
		{EF5135B0-CDD5-4458-BD4A-00731CAC56F5}.Release|Any CPU.ActiveCfg = Release|Any CPU
		{EF5135B0-CDD5-4458-BD4A-00731CAC56F5}.Release|Any CPU.Build.0 = Release|Any CPU
	EndGlobalSection
	GlobalSection(SolutionProperties) = preSolution
		HideSolutionNode = FALSE
	EndGlobalSection
	GlobalSection(ExtensibilityGlobals) = postSolution
		SolutionGuid = {60EA5178-A540-4F8C-9B84-9D8C8C0C9AE7}
	EndGlobalSection
EndGlobal
