
Microsoft Visual Studio Solution File, Format Version 12.00
# Visual Studio Version 16
VisualStudioVersion = 16.0.31424.327
MinimumVisualStudioVersion = 10.0.40219.1
Project("{FAE04EC0-301F-11D3-BF4B-00C04F79EFBC}") = "6. Wardrobe", "6. Wardrobe\6. Wardrobe.csproj", "{802C6F33-8E15-424C-88FD-F1EA5C9FFC2E}"
EndProject
Global
	GlobalSection(SolutionConfigurationPlatforms) = preSolution
		Debug|Any CPU = Debug|Any CPU
		Release|Any CPU = Release|Any CPU
	EndGlobalSection
	GlobalSection(ProjectConfigurationPlatforms) = postSolution
		{802C6F33-8E15-424C-88FD-F1EA5C9FFC2E}.Debug|Any CPU.ActiveCfg = Debug|Any CPU
		{802C6F33-8E15-424C-88FD-F1EA5C9FFC2E}.Debug|Any CPU.Build.0 = Debug|Any CPU
		{802C6F33-8E15-424C-88FD-F1EA5C9FFC2E}.Release|Any CPU.ActiveCfg = Release|Any CPU
		{802C6F33-8E15-424C-88FD-F1EA5C9FFC2E}.Release|Any CPU.Build.0 = Release|Any CPU
	EndGlobalSection
	GlobalSection(SolutionProperties) = preSolution
		HideSolutionNode = FALSE
	EndGlobalSection
	GlobalSection(ExtensibilityGlobals) = postSolution
		SolutionGuid = {8615615A-83F6-475F-AF87-0296FAB9AFE2}
	EndGlobalSection
EndGlobal
