
Microsoft Visual Studio Solution File, Format Version 12.00
# Visual Studio Version 16
VisualStudioVersion = 16.0.31424.327
MinimumVisualStudioVersion = 10.0.40219.1
Project("{FAE04EC0-301F-11D3-BF4B-00C04F79EFBC}") = "Supermarket", "Supermarket\Supermarket.csproj", "{36CABA29-4F25-4448-AA33-8955FDB307A9}"
EndProject
Global
	GlobalSection(SolutionConfigurationPlatforms) = preSolution
		Debug|Any CPU = Debug|Any CPU
		Release|Any CPU = Release|Any CPU
	EndGlobalSection
	GlobalSection(ProjectConfigurationPlatforms) = postSolution
		{36CABA29-4F25-4448-AA33-8955FDB307A9}.Debug|Any CPU.ActiveCfg = Debug|Any CPU
		{36CABA29-4F25-4448-AA33-8955FDB307A9}.Debug|Any CPU.Build.0 = Debug|Any CPU
		{36CABA29-4F25-4448-AA33-8955FDB307A9}.Release|Any CPU.ActiveCfg = Release|Any CPU
		{36CABA29-4F25-4448-AA33-8955FDB307A9}.Release|Any CPU.Build.0 = Release|Any CPU
	EndGlobalSection
	GlobalSection(SolutionProperties) = preSolution
		HideSolutionNode = FALSE
	EndGlobalSection
	GlobalSection(ExtensibilityGlobals) = postSolution
		SolutionGuid = {3F4C23A1-479C-4861-A520-BC97824EF776}
	EndGlobalSection
EndGlobal
