
Microsoft Visual Studio Solution File, Format Version 12.00
# Visual Studio Version 16
VisualStudioVersion = 16.0.31424.327
MinimumVisualStudioVersion = 10.0.40219.1
Project("{FAE04EC0-301F-11D3-BF4B-00C04F79EFBC}") = "3. Maximal Sum", "3. Maximal Sum\3. Maximal Sum.csproj", "{92C59DCE-B5E7-4F9E-BF52-63066237B907}"
EndProject
Global
	GlobalSection(SolutionConfigurationPlatforms) = preSolution
		Debug|Any CPU = Debug|Any CPU
		Release|Any CPU = Release|Any CPU
	EndGlobalSection
	GlobalSection(ProjectConfigurationPlatforms) = postSolution
		{92C59DCE-B5E7-4F9E-BF52-63066237B907}.Debug|Any CPU.ActiveCfg = Debug|Any CPU
		{92C59DCE-B5E7-4F9E-BF52-63066237B907}.Debug|Any CPU.Build.0 = Debug|Any CPU
		{92C59DCE-B5E7-4F9E-BF52-63066237B907}.Release|Any CPU.ActiveCfg = Release|Any CPU
		{92C59DCE-B5E7-4F9E-BF52-63066237B907}.Release|Any CPU.Build.0 = Release|Any CPU
	EndGlobalSection
	GlobalSection(SolutionProperties) = preSolution
		HideSolutionNode = FALSE
	EndGlobalSection
	GlobalSection(ExtensibilityGlobals) = postSolution
		SolutionGuid = {83D3DDB4-E121-48B8-BB24-86C746C66B1A}
	EndGlobalSection
EndGlobal
