
Microsoft Visual Studio Solution File, Format Version 12.00
# Visual Studio Version 16
VisualStudioVersion = 16.0.31424.327
MinimumVisualStudioVersion = 10.0.40219.1
Project("{FAE04EC0-301F-11D3-BF4B-00C04F79EFBC}") = "6. Folder Size", "6. Folder Size\6. Folder Size.csproj", "{F77B61B3-C710-4E50-929C-A2EB05B28EB3}"
EndProject
Global
	GlobalSection(SolutionConfigurationPlatforms) = preSolution
		Debug|Any CPU = Debug|Any CPU
		Release|Any CPU = Release|Any CPU
	EndGlobalSection
	GlobalSection(ProjectConfigurationPlatforms) = postSolution
		{F77B61B3-C710-4E50-929C-A2EB05B28EB3}.Debug|Any CPU.ActiveCfg = Debug|Any CPU
		{F77B61B3-C710-4E50-929C-A2EB05B28EB3}.Debug|Any CPU.Build.0 = Debug|Any CPU
		{F77B61B3-C710-4E50-929C-A2EB05B28EB3}.Release|Any CPU.ActiveCfg = Release|Any CPU
		{F77B61B3-C710-4E50-929C-A2EB05B28EB3}.Release|Any CPU.Build.0 = Release|Any CPU
	EndGlobalSection
	GlobalSection(SolutionProperties) = preSolution
		HideSolutionNode = FALSE
	EndGlobalSection
	GlobalSection(ExtensibilityGlobals) = postSolution
		SolutionGuid = {98F35003-AD4B-4165-B1F2-11594B27DAB8}
	EndGlobalSection
EndGlobal
