
Microsoft Visual Studio Solution File, Format Version 12.00
# Visual Studio Version 16
VisualStudioVersion = 16.0.31424.327
MinimumVisualStudioVersion = 10.0.40219.1
Project("{FAE04EC0-301F-11D3-BF4B-00C04F79EFBC}") = "10. Crossroads", "10. Crossroads\10. Crossroads.csproj", "{99E13928-38D6-471C-A5AD-EF6801D40A7A}"
EndProject
Global
	GlobalSection(SolutionConfigurationPlatforms) = preSolution
		Debug|Any CPU = Debug|Any CPU
		Release|Any CPU = Release|Any CPU
	EndGlobalSection
	GlobalSection(ProjectConfigurationPlatforms) = postSolution
		{99E13928-38D6-471C-A5AD-EF6801D40A7A}.Debug|Any CPU.ActiveCfg = Debug|Any CPU
		{99E13928-38D6-471C-A5AD-EF6801D40A7A}.Debug|Any CPU.Build.0 = Debug|Any CPU
		{99E13928-38D6-471C-A5AD-EF6801D40A7A}.Release|Any CPU.ActiveCfg = Release|Any CPU
		{99E13928-38D6-471C-A5AD-EF6801D40A7A}.Release|Any CPU.Build.0 = Release|Any CPU
	EndGlobalSection
	GlobalSection(SolutionProperties) = preSolution
		HideSolutionNode = FALSE
	EndGlobalSection
	GlobalSection(ExtensibilityGlobals) = postSolution
		SolutionGuid = {65EF4A7D-F6CA-49E7-BBA6-31DC7C596092}
	EndGlobalSection
EndGlobal
