
Microsoft Visual Studio Solution File, Format Version 12.00
# Visual Studio Version 16
VisualStudioVersion = 16.0.31424.327
MinimumVisualStudioVersion = 10.0.40219.1
Project("{FAE04EC0-301F-11D3-BF4B-00C04F79EFBC}") = "5. Square with Maximum Sum", "5. Square with Maximum Sum\5. Square with Maximum Sum.csproj", "{51CA2226-0131-4D38-AF5D-CBD392D7A4F4}"
EndProject
Global
	GlobalSection(SolutionConfigurationPlatforms) = preSolution
		Debug|Any CPU = Debug|Any CPU
		Release|Any CPU = Release|Any CPU
	EndGlobalSection
	GlobalSection(ProjectConfigurationPlatforms) = postSolution
		{51CA2226-0131-4D38-AF5D-CBD392D7A4F4}.Debug|Any CPU.ActiveCfg = Debug|Any CPU
		{51CA2226-0131-4D38-AF5D-CBD392D7A4F4}.Debug|Any CPU.Build.0 = Debug|Any CPU
		{51CA2226-0131-4D38-AF5D-CBD392D7A4F4}.Release|Any CPU.ActiveCfg = Release|Any CPU
		{51CA2226-0131-4D38-AF5D-CBD392D7A4F4}.Release|Any CPU.Build.0 = Release|Any CPU
	EndGlobalSection
	GlobalSection(SolutionProperties) = preSolution
		HideSolutionNode = FALSE
	EndGlobalSection
	GlobalSection(ExtensibilityGlobals) = postSolution
		SolutionGuid = {53E807DE-8484-4F77-A9E8-0111A6C0375A}
	EndGlobalSection
EndGlobal
