
Microsoft Visual Studio Solution File, Format Version 12.00
# Visual Studio Version 16
VisualStudioVersion = 16.0.31424.327
MinimumVisualStudioVersion = 10.0.40219.1
Project("{FAE04EC0-301F-11D3-BF4B-00C04F79EFBC}") = "8. Balanced Parentheses", "8. Balanced Parentheses\8. Balanced Parentheses.csproj", "{D830090D-1255-486B-BA16-6E4B5AF84C38}"
EndProject
Global
	GlobalSection(SolutionConfigurationPlatforms) = preSolution
		Debug|Any CPU = Debug|Any CPU
		Release|Any CPU = Release|Any CPU
	EndGlobalSection
	GlobalSection(ProjectConfigurationPlatforms) = postSolution
		{D830090D-1255-486B-BA16-6E4B5AF84C38}.Debug|Any CPU.ActiveCfg = Debug|Any CPU
		{D830090D-1255-486B-BA16-6E4B5AF84C38}.Debug|Any CPU.Build.0 = Debug|Any CPU
		{D830090D-1255-486B-BA16-6E4B5AF84C38}.Release|Any CPU.ActiveCfg = Release|Any CPU
		{D830090D-1255-486B-BA16-6E4B5AF84C38}.Release|Any CPU.Build.0 = Release|Any CPU
	EndGlobalSection
	GlobalSection(SolutionProperties) = preSolution
		HideSolutionNode = FALSE
	EndGlobalSection
	GlobalSection(ExtensibilityGlobals) = postSolution
		SolutionGuid = {75D8A179-2985-48CE-9D1C-DD53B06A75A4}
	EndGlobalSection
EndGlobal
