
Microsoft Visual Studio Solution File, Format Version 12.00
# Visual Studio Version 16
VisualStudioVersion = 16.0.31424.327
MinimumVisualStudioVersion = 10.0.40219.1
Project("{FAE04EC0-301F-11D3-BF4B-00C04F79EFBC}") = "StackSum", "StackSum\StackSum.csproj", "{33BAC057-CC51-484C-A5AB-7F46B24CB917}"
EndProject
Global
	GlobalSection(SolutionConfigurationPlatforms) = preSolution
		Debug|Any CPU = Debug|Any CPU
		Release|Any CPU = Release|Any CPU
	EndGlobalSection
	GlobalSection(ProjectConfigurationPlatforms) = postSolution
		{33BAC057-CC51-484C-A5AB-7F46B24CB917}.Debug|Any CPU.ActiveCfg = Debug|Any CPU
		{33BAC057-CC51-484C-A5AB-7F46B24CB917}.Debug|Any CPU.Build.0 = Debug|Any CPU
		{33BAC057-CC51-484C-A5AB-7F46B24CB917}.Release|Any CPU.ActiveCfg = Release|Any CPU
		{33BAC057-CC51-484C-A5AB-7F46B24CB917}.Release|Any CPU.Build.0 = Release|Any CPU
	EndGlobalSection
	GlobalSection(SolutionProperties) = preSolution
		HideSolutionNode = FALSE
	EndGlobalSection
	GlobalSection(ExtensibilityGlobals) = postSolution
		SolutionGuid = {1FCCE3B9-655D-4C11-9521-96CDEBEB32B5}
	EndGlobalSection
EndGlobal
