
Microsoft Visual Studio Solution File, Format Version 12.00
# Visual Studio Version 16
VisualStudioVersion = 16.0.31313.79
MinimumVisualStudioVersion = 10.0.40219.1
Project("{FAE04EC0-301F-11D3-BF4B-00C04F79EFBC}") = "CarManufacturer", "CarManufacturer\CarManufacturer.csproj", "{DB91F4E7-7B19-488D-9811-B012F82025E4}"
EndProject
Global
	GlobalSection(SolutionConfigurationPlatforms) = preSolution
		Debug|Any CPU = Debug|Any CPU
		Release|Any CPU = Release|Any CPU
	EndGlobalSection
	GlobalSection(ProjectConfigurationPlatforms) = postSolution
		{DB91F4E7-7B19-488D-9811-B012F82025E4}.Debug|Any CPU.ActiveCfg = Debug|Any CPU
		{DB91F4E7-7B19-488D-9811-B012F82025E4}.Debug|Any CPU.Build.0 = Debug|Any CPU
		{DB91F4E7-7B19-488D-9811-B012F82025E4}.Release|Any CPU.ActiveCfg = Release|Any CPU
		{DB91F4E7-7B19-488D-9811-B012F82025E4}.Release|Any CPU.Build.0 = Release|Any CPU
	EndGlobalSection
	GlobalSection(SolutionProperties) = preSolution
		HideSolutionNode = FALSE
	EndGlobalSection
	GlobalSection(ExtensibilityGlobals) = postSolution
		SolutionGuid = {72E21C5B-D861-4DCA-93F3-41172B0E8CFD}
	EndGlobalSection
EndGlobal
