
Microsoft Visual Studio Solution File, Format Version 12.00
# Visual Studio Version 16
VisualStudioVersion = 16.0.31424.327
MinimumVisualStudioVersion = 10.0.40219.1
Project("{FAE04EC0-301F-11D3-BF4B-00C04F79EFBC}") = "MatchingBrackets", "MatchingBrackets\MatchingBrackets.csproj", "{97B2A8EC-579A-4956-A151-2A7D9C1A8007}"
EndProject
Global
	GlobalSection(SolutionConfigurationPlatforms) = preSolution
		Debug|Any CPU = Debug|Any CPU
		Release|Any CPU = Release|Any CPU
	EndGlobalSection
	GlobalSection(ProjectConfigurationPlatforms) = postSolution
		{97B2A8EC-579A-4956-A151-2A7D9C1A8007}.Debug|Any CPU.ActiveCfg = Debug|Any CPU
		{97B2A8EC-579A-4956-A151-2A7D9C1A8007}.Debug|Any CPU.Build.0 = Debug|Any CPU
		{97B2A8EC-579A-4956-A151-2A7D9C1A8007}.Release|Any CPU.ActiveCfg = Release|Any CPU
		{97B2A8EC-579A-4956-A151-2A7D9C1A8007}.Release|Any CPU.Build.0 = Release|Any CPU
	EndGlobalSection
	GlobalSection(SolutionProperties) = preSolution
		HideSolutionNode = FALSE
	EndGlobalSection
	GlobalSection(ExtensibilityGlobals) = postSolution
		SolutionGuid = {D546ED36-7C34-4E74-9873-1D33D90D5BCE}
	EndGlobalSection
EndGlobal
