
Microsoft Visual Studio Solution File, Format Version 12.00
# Visual Studio Version 16
VisualStudioVersion = 16.0.31424.327
MinimumVisualStudioVersion = 10.0.40219.1
Project("{FAE04EC0-301F-11D3-BF4B-00C04F79EFBC}") = "1. Sum Matrix Elements", "1. Sum Matrix Elements\1. Sum Matrix Elements.csproj", "{99C612FA-C9C0-4419-87AF-AC6237BA58FE}"
EndProject
Global
	GlobalSection(SolutionConfigurationPlatforms) = preSolution
		Debug|Any CPU = Debug|Any CPU
		Release|Any CPU = Release|Any CPU
	EndGlobalSection
	GlobalSection(ProjectConfigurationPlatforms) = postSolution
		{99C612FA-C9C0-4419-87AF-AC6237BA58FE}.Debug|Any CPU.ActiveCfg = Debug|Any CPU
		{99C612FA-C9C0-4419-87AF-AC6237BA58FE}.Debug|Any CPU.Build.0 = Debug|Any CPU
		{99C612FA-C9C0-4419-87AF-AC6237BA58FE}.Release|Any CPU.ActiveCfg = Release|Any CPU
		{99C612FA-C9C0-4419-87AF-AC6237BA58FE}.Release|Any CPU.Build.0 = Release|Any CPU
	EndGlobalSection
	GlobalSection(SolutionProperties) = preSolution
		HideSolutionNode = FALSE
	EndGlobalSection
	GlobalSection(ExtensibilityGlobals) = postSolution
		SolutionGuid = {02734307-C32D-4C76-B23B-D1201DEA16CD}
	EndGlobalSection
EndGlobal
