
Microsoft Visual Studio Solution File, Format Version 12.00
# Visual Studio Version 16
VisualStudioVersion = 16.0.31727.386
MinimumVisualStudioVersion = 10.0.40219.1
Project("{FAE04EC0-301F-11D3-BF4B-00C04F79EFBC}") = "2. Knights of Honor", "2. Knights of Honor\2. Knights of Honor.csproj", "{AE9DD17B-EC17-4441-AA74-EA09161DE33A}"
EndProject
Global
	GlobalSection(SolutionConfigurationPlatforms) = preSolution
		Debug|Any CPU = Debug|Any CPU
		Release|Any CPU = Release|Any CPU
	EndGlobalSection
	GlobalSection(ProjectConfigurationPlatforms) = postSolution
		{AE9DD17B-EC17-4441-AA74-EA09161DE33A}.Debug|Any CPU.ActiveCfg = Debug|Any CPU
		{AE9DD17B-EC17-4441-AA74-EA09161DE33A}.Debug|Any CPU.Build.0 = Debug|Any CPU
		{AE9DD17B-EC17-4441-AA74-EA09161DE33A}.Release|Any CPU.ActiveCfg = Release|Any CPU
		{AE9DD17B-EC17-4441-AA74-EA09161DE33A}.Release|Any CPU.Build.0 = Release|Any CPU
	EndGlobalSection
	GlobalSection(SolutionProperties) = preSolution
		HideSolutionNode = FALSE
	EndGlobalSection
	GlobalSection(ExtensibilityGlobals) = postSolution
		SolutionGuid = {9AA6E06B-7104-4783-8907-7942729F930E}
	EndGlobalSection
EndGlobal
